// !$*UTF8*$!
{
	archiveVersion = 1;
	classes = {
	};
	objectVersion = 46;
	objects = {

/* Begin PBXBuildFile section */
		ADAD2EA8162857570013264B /* Cocoa.framework in Frameworks */ = {isa = PBXBuildFile; fileRef = ADAD2EA7162857570013264B /* Cocoa.framework */; };
		ADAD2EB2162857570013264B /* InfoPlist.strings in Resources */ = {isa = PBXBuildFile; fileRef = ADAD2EB0162857570013264B /* InfoPlist.strings */; };
		ADAD2EB4162857570013264B /* main.m in Sources */ = {isa = PBXBuildFile; fileRef = ADAD2EB3162857570013264B /* main.m */; };
		ADAD2EB8162857570013264B /* Credits.rtf in Resources */ = {isa = PBXBuildFile; fileRef = ADAD2EB6162857570013264B /* Credits.rtf */; };
		ADAD2EBB162857570013264B /* AppDelegate.m in Sources */ = {isa = PBXBuildFile; fileRef = ADAD2EBA162857570013264B /* AppDelegate.m */; };
		ADAD2EBE162857570013264B /* MainMenu.xib in Resources */ = {isa = PBXBuildFile; fileRef = ADAD2EBC162857570013264B /* MainMenu.xib */; };
		ADAD2EC6162857570013264B /* SenTestingKit.framework in Frameworks */ = {isa = PBXBuildFile; fileRef = ADAD2EC5162857570013264B /* SenTestingKit.framework */; };
		ADAD2EC7162857570013264B /* Cocoa.framework in Frameworks */ = {isa = PBXBuildFile; fileRef = ADAD2EA7162857570013264B /* Cocoa.framework */; };
		ADAD2ECF162857570013264B /* InfoPlist.strings in Resources */ = {isa = PBXBuildFile; fileRef = ADAD2ECD162857570013264B /* InfoPlist.strings */; };
		ADAD2F3916285ABF0013264B /* SynchronousTests.m in Sources */ = {isa = PBXBuildFile; fileRef = ADAD2F3816285ABF0013264B /* SynchronousTests.m */; };
		ADAD2F4316285BE80013264B /* NSObject+JCSKVOWithBlocks.m in Sources */ = {isa = PBXBuildFile; fileRef = ADAD2F4216285BE80013264B /* NSObject+JCSKVOWithBlocks.m */; };
		ADAD2F4F162876F50013264B /* ObservedClass.m in Sources */ = {isa = PBXBuildFile; fileRef = ADAD2F4E162876F50013264B /* ObservedClass.m */; };
/* End PBXBuildFile section */

/* Begin PBXContainerItemProxy section */
		ADAD2EC8162857570013264B /* PBXContainerItemProxy */ = {
			isa = PBXContainerItemProxy;
			containerPortal = ADAD2E9A162857570013264B /* Project object */;
			proxyType = 1;
			remoteGlobalIDString = ADAD2EA2162857570013264B;
			remoteInfo = KVOWithBlocksDemo_osx;
		};
/* End PBXContainerItemProxy section */

/* Begin PBXFileReference section */
		ADAD2EA3162857570013264B /* KVOWithBlocksDemo_osx.app */ = {isa = PBXFileReference; explicitFileType = wrapper.application; includeInIndex = 0; path = KVOWithBlocksDemo_osx.app; sourceTree = BUILT_PRODUCTS_DIR; };
		ADAD2EA7162857570013264B /* Cocoa.framework */ = {isa = PBXFileReference; lastKnownFileType = wrapper.framework; name = Cocoa.framework; path = System/Library/Frameworks/Cocoa.framework; sourceTree = SDKROOT; };
		ADAD2EAA162857570013264B /* AppKit.framework */ = {isa = PBXFileReference; lastKnownFileType = wrapper.framework; name = AppKit.framework; path = System/Library/Frameworks/AppKit.framework; sourceTree = SDKROOT; };
		ADAD2EAB162857570013264B /* CoreData.framework */ = {isa = PBXFileReference; lastKnownFileType = wrapper.framework; name = CoreData.framework; path = System/Library/Frameworks/CoreData.framework; sourceTree = SDKROOT; };
		ADAD2EAC162857570013264B /* Foundation.framework */ = {isa = PBXFileReference; lastKnownFileType = wrapper.framework; name = Foundation.framework; path = System/Library/Frameworks/Foundation.framework; sourceTree = SDKROOT; };
		ADAD2EAF162857570013264B /* Info.plist */ = {isa = PBXFileReference; lastKnownFileType = text.plist.xml; path = Info.plist; sourceTree = "<group>"; };
		ADAD2EB1162857570013264B /* en */ = {isa = PBXFileReference; lastKnownFileType = text.plist.strings; name = en; path = en.lproj/InfoPlist.strings; sourceTree = "<group>"; };
		ADAD2EB3162857570013264B /* main.m */ = {isa = PBXFileReference; lastKnownFileType = sourcecode.c.objc; path = main.m; sourceTree = "<group>"; };
		ADAD2EB5162857570013264B /* Prefix.pch */ = {isa = PBXFileReference; lastKnownFileType = sourcecode.c.h; path = Prefix.pch; sourceTree = "<group>"; };
		ADAD2EB7162857570013264B /* en */ = {isa = PBXFileReference; lastKnownFileType = text.rtf; name = en; path = en.lproj/Credits.rtf; sourceTree = "<group>"; };
		ADAD2EB9162857570013264B /* AppDelegate.h */ = {isa = PBXFileReference; lastKnownFileType = sourcecode.c.h; path = AppDelegate.h; sourceTree = "<group>"; };
		ADAD2EBA162857570013264B /* AppDelegate.m */ = {isa = PBXFileReference; lastKnownFileType = sourcecode.c.objc; path = AppDelegate.m; sourceTree = "<group>"; };
		ADAD2EBD162857570013264B /* en */ = {isa = PBXFileReference; lastKnownFileType = file.xib; name = en; path = en.lproj/MainMenu.xib; sourceTree = "<group>"; };
		ADAD2EC4162857570013264B /* KVOWithBlocksDemo_osxTests.octest */ = {isa = PBXFileReference; explicitFileType = wrapper.cfbundle; includeInIndex = 0; path = KVOWithBlocksDemo_osxTests.octest; sourceTree = BUILT_PRODUCTS_DIR; };
		ADAD2EC5162857570013264B /* SenTestingKit.framework */ = {isa = PBXFileReference; lastKnownFileType = wrapper.framework; name = SenTestingKit.framework; path = Library/Frameworks/SenTestingKit.framework; sourceTree = DEVELOPER_DIR; };
		ADAD2ECC162857570013264B /* KVOWithBlocksDemo_osxTests-Info.plist */ = {isa = PBXFileReference; lastKnownFileType = text.plist.xml; path = "KVOWithBlocksDemo_osxTests-Info.plist"; sourceTree = "<group>"; };
		ADAD2ECE162857570013264B /* en */ = {isa = PBXFileReference; lastKnownFileType = text.plist.strings; name = en; path = en.lproj/InfoPlist.strings; sourceTree = "<group>"; };
		ADAD2F3816285ABF0013264B /* SynchronousTests.m */ = {isa = PBXFileReference; fileEncoding = 4; lastKnownFileType = sourcecode.c.objc; name = SynchronousTests.m; path = ../../Tests/SynchronousTests.m; sourceTree = "<group>"; };
		ADAD2F4116285BE80013264B /* NSObject+JCSKVOWithBlocks.h */ = {isa = PBXFileReference; fileEncoding = 4; lastKnownFileType = sourcecode.c.h; name = "NSObject+JCSKVOWithBlocks.h"; path = "../../NSObject+JCSKVOWithBlocks.h"; sourceTree = "<group>"; };
		ADAD2F4216285BE80013264B /* NSObject+JCSKVOWithBlocks.m */ = {isa = PBXFileReference; fileEncoding = 4; lastKnownFileType = sourcecode.c.objc; name = "NSObject+JCSKVOWithBlocks.m"; path = "../../NSObject+JCSKVOWithBlocks.m"; sourceTree = "<group>"; };
		ADAD2F491628692D0013264B /* CommonMacros.h */ = {isa = PBXFileReference; fileEncoding = 4; lastKnownFileType = sourcecode.c.h; name = CommonMacros.h; path = ../../CommonCode/CommonMacros.h; sourceTree = "<group>"; };
		ADAD2F4D162876F50013264B /* ObservedClass.h */ = {isa = PBXFileReference; fileEncoding = 4; lastKnownFileType = sourcecode.c.h; name = ObservedClass.h; path = ../../Tests/ObservedClass.h; sourceTree = "<group>"; };
		ADAD2F4E162876F50013264B /* ObservedClass.m */ = {isa = PBXFileReference; fileEncoding = 4; lastKnownFileType = sourcecode.c.objc; name = ObservedClass.m; path = ../../Tests/ObservedClass.m; sourceTree = "<group>"; };
/* End PBXFileReference section */

/* Begin PBXFrameworksBuildPhase section */
		ADAD2EA0162857570013264B /* Frameworks */ = {
			isa = PBXFrameworksBuildPhase;
			buildActionMask = 2147483647;
			files = (
				ADAD2EA8162857570013264B /* Cocoa.framework in Frameworks */,
			);
			runOnlyForDeploymentPostprocessing = 0;
		};
		ADAD2EC0162857570013264B /* Frameworks */ = {
			isa = PBXFrameworksBuildPhase;
			buildActionMask = 2147483647;
			files = (
				ADAD2EC6162857570013264B /* SenTestingKit.framework in Frameworks */,
				ADAD2EC7162857570013264B /* Cocoa.framework in Frameworks */,
			);
			runOnlyForDeploymentPostprocessing = 0;
		};
/* End PBXFrameworksBuildPhase section */

/* Begin PBXGroup section */
		ADAD2E98162857570013264B = {
			isa = PBXGroup;
			children = (
				ADAD2EAD162857570013264B /* KVOWithBlocksDemo_osx */,
				ADAD2ECA162857570013264B /* Tests */,
				ADAD2EA6162857570013264B /* Frameworks */,
				ADAD2EA4162857570013264B /* Products */,
			);
			sourceTree = "<group>";
		};
		ADAD2EA4162857570013264B /* Products */ = {
			isa = PBXGroup;
			children = (
				ADAD2EA3162857570013264B /* KVOWithBlocksDemo_osx.app */,
				ADAD2EC4162857570013264B /* KVOWithBlocksDemo_osxTests.octest */,
			);
			name = Products;
			sourceTree = "<group>";
		};
		ADAD2EA6162857570013264B /* Frameworks */ = {
			isa = PBXGroup;
			children = (
				ADAD2EA7162857570013264B /* Cocoa.framework */,
				ADAD2EC5162857570013264B /* SenTestingKit.framework */,
				ADAD2EA9162857570013264B /* Other Frameworks */,
			);
			name = Frameworks;
			sourceTree = "<group>";
		};
		ADAD2EA9162857570013264B /* Other Frameworks */ = {
			isa = PBXGroup;
			children = (
				ADAD2EAA162857570013264B /* AppKit.framework */,
				ADAD2EAB162857570013264B /* CoreData.framework */,
				ADAD2EAC162857570013264B /* Foundation.framework */,
			);
			name = "Other Frameworks";
			sourceTree = "<group>";
		};
		ADAD2EAD162857570013264B /* KVOWithBlocksDemo_osx */ = {
			isa = PBXGroup;
			children = (
				ADAD2EB9162857570013264B /* AppDelegate.h */,
				ADAD2EBA162857570013264B /* AppDelegate.m */,
				ADAD2EBC162857570013264B /* MainMenu.xib */,
				ADAD2F3C16285B930013264B /* Category */,
				ADAD2EAE162857570013264B /* Supporting Files */,
			);
			path = KVOWithBlocksDemo_osx;
			sourceTree = "<group>";
		};
		ADAD2EAE162857570013264B /* Supporting Files */ = {
			isa = PBXGroup;
			children = (
				ADAD2F491628692D0013264B /* CommonMacros.h */,
				ADAD2EAF162857570013264B /* Info.plist */,
				ADAD2EB0162857570013264B /* InfoPlist.strings */,
				ADAD2EB3162857570013264B /* main.m */,
				ADAD2EB5162857570013264B /* Prefix.pch */,
				ADAD2EB6162857570013264B /* Credits.rtf */,
			);
			name = "Supporting Files";
			sourceTree = "<group>";
		};
		ADAD2ECA162857570013264B /* Tests */ = {
			isa = PBXGroup;
			children = (
				ADAD2F4B162876A90013264B /* Test Helpers */,
				ADAD2F3816285ABF0013264B /* SynchronousTests.m */,
				ADAD2ECB162857570013264B /* Supporting Files */,
			);
			name = Tests;
			path = KVOWithBlocksDemo_osxTests;
			sourceTree = "<group>";
		};
		ADAD2ECB162857570013264B /* Supporting Files */ = {
			isa = PBXGroup;
			children = (
				ADAD2ECC162857570013264B /* KVOWithBlocksDemo_osxTests-Info.plist */,
				ADAD2ECD162857570013264B /* InfoPlist.strings */,
			);
			name = "Supporting Files";
			sourceTree = "<group>";
		};
		ADAD2F3C16285B930013264B /* Category */ = {
			isa = PBXGroup;
			children = (
				ADAD2F4116285BE80013264B /* NSObject+JCSKVOWithBlocks.h */,
				ADAD2F4216285BE80013264B /* NSObject+JCSKVOWithBlocks.m */,
			);
			name = Category;
			sourceTree = "<group>";
		};
		ADAD2F4B162876A90013264B /* Test Helpers */ = {
			isa = PBXGroup;
			children = (
				ADAD2F4D162876F50013264B /* ObservedClass.h */,
				ADAD2F4E162876F50013264B /* ObservedClass.m */,
			);
			name = "Test Helpers";
			sourceTree = "<group>";
		};
/* End PBXGroup section */

/* Begin PBXNativeTarget section */
		ADAD2EA2162857570013264B /* KVOWithBlocksDemo_osx */ = {
			isa = PBXNativeTarget;
			buildConfigurationList = ADAD2ED5162857570013264B /* Build configuration list for PBXNativeTarget "KVOWithBlocksDemo_osx" */;
			buildPhases = (
				ADAD2E9F162857570013264B /* Sources */,
				ADAD2EA0162857570013264B /* Frameworks */,
				ADAD2EA1162857570013264B /* Resources */,
			);
			buildRules = (
			);
			dependencies = (
			);
			name = KVOWithBlocksDemo_osx;
			productName = KVOWithBlocksDemo_osx;
			productReference = ADAD2EA3162857570013264B /* KVOWithBlocksDemo_osx.app */;
			productType = "com.apple.product-type.application";
		};
		ADAD2EC3162857570013264B /* KVOWithBlocksDemo_osxTests */ = {
			isa = PBXNativeTarget;
			buildConfigurationList = ADAD2ED8162857570013264B /* Build configuration list for PBXNativeTarget "KVOWithBlocksDemo_osxTests" */;
			buildPhases = (
				ADAD2EBF162857570013264B /* Sources */,
				ADAD2EC0162857570013264B /* Frameworks */,
				ADAD2EC1162857570013264B /* Resources */,
				ADAD2EC2162857570013264B /* ShellScript */,
			);
			buildRules = (
			);
			dependencies = (
				ADAD2EC9162857570013264B /* PBXTargetDependency */,
			);
			name = KVOWithBlocksDemo_osxTests;
			productName = KVOWithBlocksDemo_osxTests;
			productReference = ADAD2EC4162857570013264B /* KVOWithBlocksDemo_osxTests.octest */;
			productType = "com.apple.product-type.bundle";
		};
/* End PBXNativeTarget section */

/* Begin PBXProject section */
		ADAD2E9A162857570013264B /* Project object */ = {
			isa = PBXProject;
			attributes = {
				LastUpgradeCheck = 0450;
				ORGANIZATIONNAME = "Jungle Candy Software";
			};
			buildConfigurationList = ADAD2E9D162857570013264B /* Build configuration list for PBXProject "KVOWithBlocksDemo_osx" */;
			compatibilityVersion = "Xcode 3.2";
			developmentRegion = English;
			hasScannedForEncodings = 0;
			knownRegions = (
				en,
			);
			mainGroup = ADAD2E98162857570013264B;
			productRefGroup = ADAD2EA4162857570013264B /* Products */;
			projectDirPath = "";
			projectRoot = "";
			targets = (
				ADAD2EA2162857570013264B /* KVOWithBlocksDemo_osx */,
				ADAD2EC3162857570013264B /* KVOWithBlocksDemo_osxTests */,
			);
		};
/* End PBXProject section */

/* Begin PBXResourcesBuildPhase section */
		ADAD2EA1162857570013264B /* Resources */ = {
			isa = PBXResourcesBuildPhase;
			buildActionMask = 2147483647;
			files = (
				ADAD2EB2162857570013264B /* InfoPlist.strings in Resources */,
				ADAD2EB8162857570013264B /* Credits.rtf in Resources */,
				ADAD2EBE162857570013264B /* MainMenu.xib in Resources */,
			);
			runOnlyForDeploymentPostprocessing = 0;
		};
		ADAD2EC1162857570013264B /* Resources */ = {
			isa = PBXResourcesBuildPhase;
			buildActionMask = 2147483647;
			files = (
				ADAD2ECF162857570013264B /* InfoPlist.strings in Resources */,
			);
			runOnlyForDeploymentPostprocessing = 0;
		};
/* End PBXResourcesBuildPhase section */

/* Begin PBXShellScriptBuildPhase section */
		ADAD2EC2162857570013264B /* ShellScript */ = {
			isa = PBXShellScriptBuildPhase;
			buildActionMask = 2147483647;
			files = (
			);
			inputPaths = (
			);
			outputPaths = (
			);
			runOnlyForDeploymentPostprocessing = 0;
			shellPath = /bin/sh;
			shellScript = "# Run the unit tests in this test bundle.\n\"${SYSTEM_DEVELOPER_DIR}/Tools/RunUnitTests\"\n";
		};
/* End PBXShellScriptBuildPhase section */

/* Begin PBXSourcesBuildPhase section */
		ADAD2E9F162857570013264B /* Sources */ = {
			isa = PBXSourcesBuildPhase;
			buildActionMask = 2147483647;
			files = (
				ADAD2EB4162857570013264B /* main.m in Sources */,
				ADAD2EBB162857570013264B /* AppDelegate.m in Sources */,
				ADAD2F4316285BE80013264B /* NSObject+JCSKVOWithBlocks.m in Sources */,
			);
			runOnlyForDeploymentPostprocessing = 0;
		};
		ADAD2EBF162857570013264B /* Sources */ = {
			isa = PBXSourcesBuildPhase;
			buildActionMask = 2147483647;
			files = (
				ADAD2F3916285ABF0013264B /* SynchronousTests.m in Sources */,
				ADAD2F4F162876F50013264B /* ObservedClass.m in Sources */,
			);
			runOnlyForDeploymentPostprocessing = 0;
		};
/* End PBXSourcesBuildPhase section */

/* Begin PBXTargetDependency section */
		ADAD2EC9162857570013264B /* PBXTargetDependency */ = {
			isa = PBXTargetDependency;
			target = ADAD2EA2162857570013264B /* KVOWithBlocksDemo_osx */;
			targetProxy = ADAD2EC8162857570013264B /* PBXContainerItemProxy */;
		};
/* End PBXTargetDependency section */

/* Begin PBXVariantGroup section */
		ADAD2EB0162857570013264B /* InfoPlist.strings */ = {
			isa = PBXVariantGroup;
			children = (
				ADAD2EB1162857570013264B /* en */,
			);
			name = InfoPlist.strings;
			sourceTree = "<group>";
		};
		ADAD2EB6162857570013264B /* Credits.rtf */ = {
			isa = PBXVariantGroup;
			children = (
				ADAD2EB7162857570013264B /* en */,
			);
			name = Credits.rtf;
			sourceTree = "<group>";
		};
		ADAD2EBC162857570013264B /* MainMenu.xib */ = {
			isa = PBXVariantGroup;
			children = (
				ADAD2EBD162857570013264B /* en */,
			);
			name = MainMenu.xib;
			sourceTree = "<group>";
		};
		ADAD2ECD162857570013264B /* InfoPlist.strings */ = {
			isa = PBXVariantGroup;
			children = (
				ADAD2ECE162857570013264B /* en */,
			);
			name = InfoPlist.strings;
			sourceTree = "<group>";
		};
/* End PBXVariantGroup section */

/* Begin XCBuildConfiguration section */
		ADAD2ED3162857570013264B /* Debug */ = {
			isa = XCBuildConfiguration;
			buildSettings = {
				ALWAYS_SEARCH_USER_PATHS = NO;
				ARCHS = "$(ARCHS_STANDARD_64_BIT)";
				CLANG_CXX_LANGUAGE_STANDARD = "gnu++0x";
				CLANG_CXX_LIBRARY = "libc++";
				CLANG_ENABLE_OBJC_ARC = YES;
				CLANG_WARN_EMPTY_BODY = YES;
				CLANG_WARN__DUPLICATE_METHOD_MATCH = YES;
				COPY_PHASE_STRIP = NO;
				GCC_C_LANGUAGE_STANDARD = gnu99;
				GCC_DYNAMIC_NO_PIC = NO;
				GCC_ENABLE_OBJC_EXCEPTIONS = YES;
				GCC_OPTIMIZATION_LEVEL = 0;
				GCC_PREPROCESSOR_DEFINITIONS = (
					"DEBUG=1",
					"$(inherited)",
				);
				GCC_SYMBOLS_PRIVATE_EXTERN = NO;
				GCC_WARN_64_TO_32_BIT_CONVERSION = YES;
				GCC_WARN_ABOUT_RETURN_TYPE = YES;
				GCC_WARN_UNINITIALIZED_AUTOS = YES;
				GCC_WARN_UNUSED_VARIABLE = YES;
				MACOSX_DEPLOYMENT_TARGET = 10.8;
				ONLY_ACTIVE_ARCH = YES;
				SDKROOT = macosx;
			};
			name = Debug;
		};
		ADAD2ED4162857570013264B /* Release */ = {
			isa = XCBuildConfiguration;
			buildSettings = {
				ALWAYS_SEARCH_USER_PATHS = NO;
				ARCHS = "$(ARCHS_STANDARD_64_BIT)";
				CLANG_CXX_LANGUAGE_STANDARD = "gnu++0x";
				CLANG_CXX_LIBRARY = "libc++";
				CLANG_ENABLE_OBJC_ARC = YES;
				CLANG_WARN_EMPTY_BODY = YES;
				CLANG_WARN__DUPLICATE_METHOD_MATCH = YES;
				COPY_PHASE_STRIP = YES;
				DEBUG_INFORMATION_FORMAT = "dwarf-with-dsym";
				GCC_C_LANGUAGE_STANDARD = gnu99;
				GCC_ENABLE_OBJC_EXCEPTIONS = YES;
				GCC_WARN_64_TO_32_BIT_CONVERSION = YES;
				GCC_WARN_ABOUT_RETURN_TYPE = YES;
				GCC_WARN_UNINITIALIZED_AUTOS = YES;
				GCC_WARN_UNUSED_VARIABLE = YES;
				MACOSX_DEPLOYMENT_TARGET = 10.8;
				SDKROOT = macosx;
			};
			name = Release;
		};
		ADAD2ED6162857570013264B /* Debug */ = {
			isa = XCBuildConfiguration;
			buildSettings = {
				COMBINE_HIDPI_IMAGES = YES;
				GCC_PRECOMPILE_PREFIX_HEADER = YES;
				GCC_PREFIX_HEADER = KVOWithBlocksDemo_osx/Prefix.pch;
				INFOPLIST_FILE = KVOWithBlocksDemo_osx/Info.plist;
				PRODUCT_NAME = "$(TARGET_NAME)";
				WRAPPER_EXTENSION = app;
			};
			name = Debug;
		};
		ADAD2ED7162857570013264B /* Release */ = {
			isa = XCBuildConfiguration;
			buildSettings = {
				COMBINE_HIDPI_IMAGES = YES;
				GCC_PRECOMPILE_PREFIX_HEADER = YES;
				GCC_PREFIX_HEADER = KVOWithBlocksDemo_osx/Prefix.pch;
				INFOPLIST_FILE = KVOWithBlocksDemo_osx/Info.plist;
				PRODUCT_NAME = "$(TARGET_NAME)";
				WRAPPER_EXTENSION = app;
			};
			name = Release;
		};
		ADAD2ED9162857570013264B /* Debug */ = {
			isa = XCBuildConfiguration;
			buildSettings = {
				BUNDLE_LOADER = "$(BUILT_PRODUCTS_DIR)/KVOWithBlocksDemo_osx.app/Contents/MacOS/KVOWithBlocksDemo_osx";
				COMBINE_HIDPI_IMAGES = YES;
				FRAMEWORK_SEARCH_PATHS = "\"$(DEVELOPER_LIBRARY_DIR)/Frameworks\"";
				GCC_PRECOMPILE_PREFIX_HEADER = YES;
				GCC_PREFIX_HEADER = KVOWithBlocksDemo_osx/Prefix.pch;
				INFOPLIST_FILE = "KVOWithBlocksDemo_osxTests/KVOWithBlocksDemo_osxTests-Info.plist";
				PRODUCT_NAME = "$(TARGET_NAME)";
				TEST_HOST = "$(BUNDLE_LOADER)";
				WRAPPER_EXTENSION = octest;
			};
			name = Debug;
		};
		ADAD2EDA162857570013264B /* Release */ = {
			isa = XCBuildConfiguration;
			buildSettings = {
				BUNDLE_LOADER = "$(BUILT_PRODUCTS_DIR)/KVOWithBlocksDemo_osx.app/Contents/MacOS/KVOWithBlocksDemo_osx";
				COMBINE_HIDPI_IMAGES = YES;
				FRAMEWORK_SEARCH_PATHS = "\"$(DEVELOPER_LIBRARY_DIR)/Frameworks\"";
				GCC_PRECOMPILE_PREFIX_HEADER = YES;
				GCC_PREFIX_HEADER = KVOWithBlocksDemo_osx/Prefix.pch;
				INFOPLIST_FILE = "KVOWithBlocksDemo_osxTests/KVOWithBlocksDemo_osxTests-Info.plist";
				PRODUCT_NAME = "$(TARGET_NAME)";
				TEST_HOST = "$(BUNDLE_LOADER)";
				WRAPPER_EXTENSION = octest;
			};
			name = Release;
		};
/* End XCBuildConfiguration section */

/* Begin XCConfigurationList section */
		ADAD2E9D162857570013264B /* Build configuration list for PBXProject "KVOWithBlocksDemo_osx" */ = {
			isa = XCConfigurationList;
			buildConfigurations = (
				ADAD2ED3162857570013264B /* Debug */,
				ADAD2ED4162857570013264B /* Release */,
			);
			defaultConfigurationIsVisible = 0;
			defaultConfigurationName = Release;
		};
		ADAD2ED5162857570013264B /* Build configuration list for PBXNativeTarget "KVOWithBlocksDemo_osx" */ = {
			isa = XCConfigurationList;
			buildConfigurations = (
				ADAD2ED6162857570013264B /* Debug */,
				ADAD2ED7162857570013264B /* Release */,
			);
			defaultConfigurationIsVisible = 0;
			defaultConfigurationName = Release;
		};
		ADAD2ED8162857570013264B /* Build configuration list for PBXNativeTarget "KVOWithBlocksDemo_osxTests" */ = {
			isa = XCConfigurationList;
			buildConfigurations = (
				ADAD2ED9162857570013264B /* Debug */,
				ADAD2EDA162857570013264B /* Release */,
			);
			defaultConfigurationIsVisible = 0;
			defaultConfigurationName = Release;
		};
/* End XCConfigurationList section */
	};
	rootObject = ADAD2E9A162857570013264B /* Project object */;
}
